Microsoft Visual Studio Solution File, Format Version 11.00
# Visual C++ Express 2010
Project("{8BC9CEB8-8B4A-11D0-8D11-00A0C91BC942}") = "HAL", "HAL.vcxproj", "{6D0F3C68-EF1B-C988-8F56-EA94E4C20A88}"
EndProject
Global
	GlobalSection(SolutionConfigurationPlatforms) = preSolution
		Debug|Win32 = Debug|Win32
		Release|Win32 = Release|Win32
	EndGlobalSection
	GlobalSection(ProjectConfigurationPlatforms) = postSolution
		{6D0F3C68-EF1B-C988-8F56-EA94E4C20A88}.Debug|Win32.ActiveCfg = Debug|Win32
		{6D0F3C68-EF1B-C988-8F56-EA94E4C20A88}.Release|Win32.ActiveCfg = Release|Win32
	EndGlobalSection
	GlobalSection(SolutionProperties) = preSolution
		HideSolutionNode = FALSE
	EndGlobalSection
EndGlobal
